
Microsoft Visual Studio Solution File, Format Version 12.00
# Visual Studio Version 17
VisualStudioVersion = 17.5.33627.172
MinimumVisualStudioVersion = 10.0.40219.1
Project("{FAE04EC0-301F-11D3-BF4B-00C04F79EFBC}") = "MatrixOperator", "MatrixOperator.csproj", "{662749C0-5A0A-4FF9-92F4-7CC02609ABEF}"
EndProject
Global
	GlobalSection(SolutionConfigurationPlatforms) = preSolution
		Debug|Any CPU = Debug|Any CPU
		Release|Any CPU = Release|Any CPU
	EndGlobalSection
	GlobalSection(ProjectConfigurationPlatforms) = postSolution
		{662749C0-5A0A-4FF9-92F4-7CC02609ABEF}.Debug|Any CPU.ActiveCfg = Debug|Any CPU
		{662749C0-5A0A-4FF9-92F4-7CC02609ABEF}.Debug|Any CPU.Build.0 = Debug|Any CPU
		{662749C0-5A0A-4FF9-92F4-7CC02609ABEF}.Release|Any CPU.ActiveCfg = Release|Any CPU
		{662749C0-5A0A-4FF9-92F4-7CC02609ABEF}.Release|Any CPU.Build.0 = Release|Any CPU
	EndGlobalSection
	GlobalSection(SolutionProperties) = preSolution
		HideSolutionNode = FALSE
	EndGlobalSection
	GlobalSection(ExtensibilityGlobals) = postSolution
		SolutionGuid = {394CBC1A-DBF3-4144-933C-46CB1BE6D64D}
	EndGlobalSection
EndGlobal
